{
  "nodes": {
    "linux-rockchip-collabora": {
      "flake": false,
      "locked": {
        "lastModified": 1728558584,
        "narHash": "sha256-C3dtl4h0lmxqiZQAQYSUn02fHhfaOH5lX86CJNpKTEk=",
        "owner": "K900",
        "repo": "linux",
        "rev": "e5eeb0b9ee15bdc5fbfe38b5e8c9e6ddab8e5b15",
        "type": "github"
      },
      "original": {
        "owner": "K900",
        "ref": "rk3588-test",
        "repo": "linux",
        "type": "github"
      }
    },
    "nixpkgs": {
      "locked": {
        "lastModified": 1729077633,
        "narHash": "sha256-6sIuRVqVMHq9ZwcEVdpf2BuZeuLIUgvFznhIfsc75Jo=",
        "owner": "NixOS",
        "repo": "nixpkgs",
        "rev": "8f1d45587bd9af3dbf5146aa8a1347e20421597b",
        "type": "github"
      },
      "original": {
        "owner": "NixOS",
        "ref": "nixos-unstable-small",
        "repo": "nixpkgs",
        "type": "github"
      }
    },
    "root": {
      "inputs": {
        "linux-rockchip-collabora": "linux-rockchip-collabora",
        "nixpkgs": "nixpkgs"
      }
    }
  },
  "root": "root",
  "version": 7
}
