{
  "nodes": {
    "linux-rockchip-collabora": {
      "flake": false,
      "locked": {
        "narHash": "sha256-lQqeZsI1mEkpYxCo+vAAz7wwCCShoFQ1VnNJZpB76aE=",
        "type": "file",
        "url": "https://gitlab.collabora.com/hardware-enablement/rockchip-3588/linux.git"
      },
      "original": {
        "type": "file",
        "url": "https://gitlab.collabora.com/hardware-enablement/rockchip-3588/linux.git"
      }
    },
    "nixpkgs": {
      "locked": {
        "lastModified": 1729077633,
        "narHash": "sha256-6sIuRVqVMHq9ZwcEVdpf2BuZeuLIUgvFznhIfsc75Jo=",
        "owner": "NixOS",
        "repo": "nixpkgs",
        "rev": "8f1d45587bd9af3dbf5146aa8a1347e20421597b",
        "type": "github"
      },
      "original": {
        "owner": "NixOS",
        "ref": "nixos-unstable-small",
        "repo": "nixpkgs",
        "type": "github"
      }
    },
    "root": {
      "inputs": {
        "linux-rockchip-collabora": "linux-rockchip-collabora",
        "nixpkgs": "nixpkgs"
      }
    }
  },
  "root": "root",
  "version": 7
}
